
Microsoft Visual Studio Solution File, Format Version 12.00
# Visual Studio 15
VisualStudioVersion = 15.0.28010.2048
MinimumVisualStudioVersion = 10.0.40219.1
Project("{FAE04EC0-301F-11D3-BF4B-00C04F79EFBC}") = "ClaimRemedi.ExcelReader.Client", "ClaimRemedi.ExcelReader.Client.csproj", "{4CB4EA4E-BE04-4182-A526-EC354E3A539B}"
EndProject
Project("{FAE04EC0-301F-11D3-BF4B-00C04F79EFBC}") = "ClaimRemedi.ExcelReader", "ClaimRemedi.ExcelReader.csproj", "{8514852C-E753-41B0-A09C-34D327C8EF2B}"
EndProject
Global
	GlobalSection(SolutionConfigurationPlatforms) = preSolution
		Debug|Any CPU = Debug|Any CPU
		Release|Any CPU = Release|Any CPU
	EndGlobalSection
	GlobalSection(ProjectConfigurationPlatforms) = postSolution
		{4CB4EA4E-BE04-4182-A526-EC354E3A539B}.Debug|Any CPU.ActiveCfg = Debug|Any CPU
		{4CB4EA4E-BE04-4182-A526-EC354E3A539B}.Debug|Any CPU.Build.0 = Debug|Any CPU
		{4CB4EA4E-BE04-4182-A526-EC354E3A539B}.Release|Any CPU.ActiveCfg = Release|Any CPU
		{4CB4EA4E-BE04-4182-A526-EC354E3A539B}.Release|Any CPU.Build.0 = Release|Any CPU
		{8514852C-E753-41B0-A09C-34D327C8EF2B}.Debug|Any CPU.ActiveCfg = Debug|Any CPU
		{8514852C-E753-41B0-A09C-34D327C8EF2B}.Debug|Any CPU.Build.0 = Debug|Any CPU
		{8514852C-E753-41B0-A09C-34D327C8EF2B}.Release|Any CPU.ActiveCfg = Release|Any CPU
		{8514852C-E753-41B0-A09C-34D327C8EF2B}.Release|Any CPU.Build.0 = Release|Any CPU
	EndGlobalSection
	GlobalSection(SolutionProperties) = preSolution
		HideSolutionNode = FALSE
	EndGlobalSection
	GlobalSection(ExtensibilityGlobals) = postSolution
		SolutionGuid = {BB971B4E-E7E9-4550-B43F-F680C452E86B}
	EndGlobalSection
EndGlobal
